
Microsoft Visual Studio Solution File, Format Version 12.00
# Visual Studio Version 16
VisualStudioVersion = 16.0.29609.76
MinimumVisualStudioVersion = 10.0.40219.1
Project("{FAE04EC0-301F-11D3-BF4B-00C04F79EFBC}") = "WIS", "WIS\WIS.csproj", "{34D32ADD-F258-4AA7-B27E-1EEA0EE7ABE6}"
EndProject
Global
	GlobalSection(SolutionConfigurationPlatforms) = preSolution
		Debug|Any CPU = Debug|Any CPU
		Release|Any CPU = Release|Any CPU
	EndGlobalSection
	GlobalSection(ProjectConfigurationPlatforms) = postSolution
		{34D32ADD-F258-4AA7-B27E-1EEA0EE7ABE6}.Debug|Any CPU.ActiveCfg = Debug|Any CPU
		{34D32ADD-F258-4AA7-B27E-1EEA0EE7ABE6}.Debug|Any CPU.Build.0 = Debug|Any CPU
		{34D32ADD-F258-4AA7-B27E-1EEA0EE7ABE6}.Release|Any CPU.ActiveCfg = Release|Any CPU
		{34D32ADD-F258-4AA7-B27E-1EEA0EE7ABE6}.Release|Any CPU.Build.0 = Release|Any CPU
	EndGlobalSection
	GlobalSection(SolutionProperties) = preSolution
		HideSolutionNode = FALSE
	EndGlobalSection
	GlobalSection(ExtensibilityGlobals) = postSolution
		SolutionGuid = {CE4BCE97-4430-466E-A254-5E11A0607A80}
	EndGlobalSection
EndGlobal
